
Microsoft Visual Studio Solution File, Format Version 12.00
# Visual Studio 15
Project("{FAE04EC0-301F-11D3-BF4B-00C04F79EFBC}") = "Button", "Assembly-CSharp-firstpass.csproj", "{C522EF00-937B-534B-837D-BA32B8788FCD}"
EndProject
Project("{FAE04EC0-301F-11D3-BF4B-00C04F79EFBC}") = "Button", "Assembly-CSharp.csproj", "{F994EE3C-80F7-1E8A-92AC-3F66987E8157}"
EndProject
Project("{FAE04EC0-301F-11D3-BF4B-00C04F79EFBC}") = "Button", "Assembly-CSharp-Editor-firstpass.csproj", "{10C75F68-9962-CD93-FB94-B9C93033332D}"
EndProject
Global
	GlobalSection(SolutionConfigurationPlatforms) = preSolution
		Debug|Any CPU = Debug|Any CPU
		Release|Any CPU = Release|Any CPU
	EndGlobalSection
	GlobalSection(ProjectConfigurationPlatforms) = postSolution
		{C522EF00-937B-534B-837D-BA32B8788FCD}.Debug|Any CPU.ActiveCfg = Debug|Any CPU
		{C522EF00-937B-534B-837D-BA32B8788FCD}.Debug|Any CPU.Build.0 = Debug|Any CPU
		{C522EF00-937B-534B-837D-BA32B8788FCD}.Release|Any CPU.ActiveCfg = Release|Any CPU
		{C522EF00-937B-534B-837D-BA32B8788FCD}.Release|Any CPU.Build.0 = Release|Any CPU
		{F994EE3C-80F7-1E8A-92AC-3F66987E8157}.Debug|Any CPU.ActiveCfg = Debug|Any CPU
		{F994EE3C-80F7-1E8A-92AC-3F66987E8157}.Debug|Any CPU.Build.0 = Debug|Any CPU
		{F994EE3C-80F7-1E8A-92AC-3F66987E8157}.Release|Any CPU.ActiveCfg = Release|Any CPU
		{F994EE3C-80F7-1E8A-92AC-3F66987E8157}.Release|Any CPU.Build.0 = Release|Any CPU
		{10C75F68-9962-CD93-FB94-B9C93033332D}.Debug|Any CPU.ActiveCfg = Debug|Any CPU
		{10C75F68-9962-CD93-FB94-B9C93033332D}.Debug|Any CPU.Build.0 = Debug|Any CPU
		{10C75F68-9962-CD93-FB94-B9C93033332D}.Release|Any CPU.ActiveCfg = Release|Any CPU
		{10C75F68-9962-CD93-FB94-B9C93033332D}.Release|Any CPU.Build.0 = Release|Any CPU
	EndGlobalSection
	GlobalSection(SolutionProperties) = preSolution
		HideSolutionNode = FALSE
	EndGlobalSection
EndGlobal
