
Microsoft Visual Studio Solution File, Format Version 12.00
# Visual Studio 15
Project("{FAE04EC0-301F-11D3-BF4B-00C04F79EFBC}") = "SensorsCollectionApp", "Assembly-CSharp-firstpass.csproj", "{589363C8-A524-E1F6-6FC3-9106049BF49C}"
EndProject
Project("{FAE04EC0-301F-11D3-BF4B-00C04F79EFBC}") = "SensorsCollectionApp", "Assembly-CSharp.csproj", "{32322F62-D2C0-C875-4B0D-F7866EA789F9}"
EndProject
Project("{FAE04EC0-301F-11D3-BF4B-00C04F79EFBC}") = "SensorsCollectionApp", "Assembly-CSharp-Editor-firstpass.csproj", "{F0733E27-0568-177D-3A14-7DD60F133D37}"
EndProject
Global
	GlobalSection(SolutionConfigurationPlatforms) = preSolution
		Debug|Any CPU = Debug|Any CPU
		Release|Any CPU = Release|Any CPU
	EndGlobalSection
	GlobalSection(ProjectConfigurationPlatforms) = postSolution
		{589363C8-A524-E1F6-6FC3-9106049BF49C}.Debug|Any CPU.ActiveCfg = Debug|Any CPU
		{589363C8-A524-E1F6-6FC3-9106049BF49C}.Debug|Any CPU.Build.0 = Debug|Any CPU
		{589363C8-A524-E1F6-6FC3-9106049BF49C}.Release|Any CPU.ActiveCfg = Release|Any CPU
		{589363C8-A524-E1F6-6FC3-9106049BF49C}.Release|Any CPU.Build.0 = Release|Any CPU
		{32322F62-D2C0-C875-4B0D-F7866EA789F9}.Debug|Any CPU.ActiveCfg = Debug|Any CPU
		{32322F62-D2C0-C875-4B0D-F7866EA789F9}.Debug|Any CPU.Build.0 = Debug|Any CPU
		{32322F62-D2C0-C875-4B0D-F7866EA789F9}.Release|Any CPU.ActiveCfg = Release|Any CPU
		{32322F62-D2C0-C875-4B0D-F7866EA789F9}.Release|Any CPU.Build.0 = Release|Any CPU
		{F0733E27-0568-177D-3A14-7DD60F133D37}.Debug|Any CPU.ActiveCfg = Debug|Any CPU
		{F0733E27-0568-177D-3A14-7DD60F133D37}.Debug|Any CPU.Build.0 = Debug|Any CPU
		{F0733E27-0568-177D-3A14-7DD60F133D37}.Release|Any CPU.ActiveCfg = Release|Any CPU
		{F0733E27-0568-177D-3A14-7DD60F133D37}.Release|Any CPU.Build.0 = Release|Any CPU
	EndGlobalSection
	GlobalSection(SolutionProperties) = preSolution
		HideSolutionNode = FALSE
	EndGlobalSection
EndGlobal
